
Microsoft Visual Studio Solution File, Format Version 12.00
# Visual Studio Version 17
VisualStudioVersion = 17.13.35931.197 d17.13
MinimumVisualStudioVersion = 10.0.40219.1
Project("{FAE04EC0-301F-11D3-BF4B-00C04F79EFBC}") = "GraphicsExample", "GraphicsExample.csproj", "{4BB33937-7423-4685-811C-13A135587EA6}"
EndProject
Global
	GlobalSection(SolutionConfigurationPlatforms) = preSolution
		Debug|Any CPU = Debug|Any CPU
		Release|Any CPU = Release|Any CPU
	EndGlobalSection
	GlobalSection(ProjectConfigurationPlatforms) = postSolution
		{4BB33937-7423-4685-811C-13A135587EA6}.Debug|Any CPU.ActiveCfg = Debug|Any CPU
		{4BB33937-7423-4685-811C-13A135587EA6}.Debug|Any CPU.Build.0 = Debug|Any CPU
		{4BB33937-7423-4685-811C-13A135587EA6}.Release|Any CPU.ActiveCfg = Release|Any CPU
		{4BB33937-7423-4685-811C-13A135587EA6}.Release|Any CPU.Build.0 = Release|Any CPU
	EndGlobalSection
	GlobalSection(SolutionProperties) = preSolution
		HideSolutionNode = FALSE
	EndGlobalSection
	GlobalSection(ExtensibilityGlobals) = postSolution
		SolutionGuid = {59B47445-3F0B-4941-A4AA-BEF511212FB3}
	EndGlobalSection
EndGlobal
